
Microsoft Visual Studio Solution File, Format Version 12.00
# Visual Studio Version 17
VisualStudioVersion = 17.13.36105.23 d17.13
MinimumVisualStudioVersion = 10.0.40219.1
Project("{FAE04EC0-301F-11D3-BF4B-00C04F79EFBC}") = "SProyectoFinal", "SProyectoFinal\SProyectoFinal.csproj", "{4B7248AD-BD83-4FD5-9473-AEC7F38746DB}"
EndProject
Global
	GlobalSection(SolutionConfigurationPlatforms) = preSolution
		Debug|Any CPU = Debug|Any CPU
		Release|Any CPU = Release|Any CPU
	EndGlobalSection
	GlobalSection(ProjectConfigurationPlatforms) = postSolution
		{4B7248AD-BD83-4FD5-9473-AEC7F38746DB}.Debug|Any CPU.ActiveCfg = Debug|Any CPU
		{4B7248AD-BD83-4FD5-9473-AEC7F38746DB}.Debug|Any CPU.Build.0 = Debug|Any CPU
		{4B7248AD-BD83-4FD5-9473-AEC7F38746DB}.Release|Any CPU.ActiveCfg = Release|Any CPU
		{4B7248AD-BD83-4FD5-9473-AEC7F38746DB}.Release|Any CPU.Build.0 = Release|Any CPU
	EndGlobalSection
	GlobalSection(SolutionProperties) = preSolution
		HideSolutionNode = FALSE
	EndGlobalSection
	GlobalSection(ExtensibilityGlobals) = postSolution
		SolutionGuid = {32762F0E-9BB6-43CC-B109-82F6CEA28D14}
	EndGlobalSection
EndGlobal
